// !$*UTF8*$!
{
	archiveVersion = 1;
	classes = {
	};
	objectVersion = 46;
	objects = {

/* Begin PBXBuildFile section */
		ED9E70BF1CA408AB003AC337 /* AppDelegate.swift in Sources */ = {isa = PBXBuildFile; fileRef = ED9E70BE1CA408AB003AC337 /* AppDelegate.swift */; };
		ED9E70C11CA408AB003AC337 /* ViewController.swift in Sources */ = {isa = PBXBuildFile; fileRef = ED9E70C01CA408AB003AC337 /* ViewController.swift */; };
		ED9E70C41CA408AB003AC337 /* Main.storyboard in Resources */ = {isa = PBXBuildFile; fileRef = ED9E70C21CA408AB003AC337 /* Main.storyboard */; };
		ED9E70C61CA408AB003AC337 /* Assets.xcassets in Resources */ = {isa = PBXBuildFile; fileRef = ED9E70C51CA408AB003AC337 /* Assets.xcassets */; };
		ED9E70C91CA408AB003AC337 /* LaunchScreen.storyboard in Resources */ = {isa = PBXBuildFile; fileRef = ED9E70C71CA408AB003AC337 /* LaunchScreen.storyboard */; };
/* End PBXBuildFile section */

/* Begin PBXFileReference section */
		ED9E70BB1CA408AB003AC337 /* AVCaptureTest.app */ = {isa = PBXFileReference; explicitFileType = wrapper.application; includeInIndex = 0; path = AVCaptureTest.app; sourceTree = BUILT_PRODUCTS_DIR; };
		ED9E70BE1CA408AB003AC337 /* AppDelegate.swift */ = {isa = PBXFileReference; lastKnownFileType = sourcecode.swift; path = AppDelegate.swift; sourceTree = "<group>"; };
		ED9E70C01CA408AB003AC337 /* ViewController.swift */ = {isa = PBXFileReference; lastKnownFileType = sourcecode.swift; path = ViewController.swift; sourceTree = "<group>"; };
		ED9E70C31CA408AB003AC337 /* Base */ = {isa = PBXFileReference; lastKnownFileType = file.storyboard; name = Base; path = Base.lproj/Main.storyboard; sourceTree = "<group>"; };
		ED9E70C51CA408AB003AC337 /* Assets.xcassets */ = {isa = PBXFileReference; lastKnownFileType = folder.assetcatalog; path = Assets.xcassets; sourceTree = "<group>"; };
		ED9E70C81CA408AB003AC337 /* Base */ = {isa = PBXFileReference; lastKnownFileType = file.storyboard; name = Base; path = Base.lproj/LaunchScreen.storyboard; sourceTree = "<group>"; };
		ED9E70CA1CA408AB003AC337 /* Info.plist */ = {isa = PBXFileReference; lastKnownFileType = text.plist.xml; path = Info.plist; sourceTree = "<group>"; };
/* End PBXFileReference section */

/* Begin PBXFrameworksBuildPhase section */
		ED9E70B81CA408AB003AC337 /* Frameworks */ = {
			isa = PBXFrameworksBuildPhase;
			buildActionMask = 2147483647;
			files = (
			);
			runOnlyForDeploymentPostprocessing = 0;
		};
/* End PBXFrameworksBuildPhase section */

/* Begin PBXGroup section */
		ED9E70B21CA408AB003AC337 = {
			isa = PBXGroup;
			children = (
				ED9E70BD1CA408AB003AC337 /* AVCaptureTest */,
				ED9E70BC1CA408AB003AC337 /* Products */,
			);
			sourceTree = "<group>";
		};
		ED9E70BC1CA408AB003AC337 /* Products */ = {
			isa = PBXGroup;
			children = (
				ED9E70BB1CA408AB003AC337 /* AVCaptureTest.app */,
			);
			name = Products;
			sourceTree = "<group>";
		};
		ED9E70BD1CA408AB003AC337 /* AVCaptureTest */ = {
			isa = PBXGroup;
			children = (
				ED9E70BE1CA408AB003AC337 /* AppDelegate.swift */,
				ED9E70C01CA408AB003AC337 /* ViewController.swift */,
				ED9E70C21CA408AB003AC337 /* Main.storyboard */,
				ED9E70C51CA408AB003AC337 /* Assets.xcassets */,
				ED9E70C71CA408AB003AC337 /* LaunchScreen.storyboard */,
				ED9E70CA1CA408AB003AC337 /* Info.plist */,
			);
			path = AVCaptureTest;
			sourceTree = "<group>";
		};
/* End PBXGroup section */

/* Begin PBXNativeTarget section */
		ED9E70BA1CA408AB003AC337 /* AVCaptureTest */ = {
			isa = PBXNativeTarget;
			buildConfigurationList = ED9E70CD1CA408AB003AC337 /* Build configuration list for PBXNativeTarget "AVCaptureTest" */;
			buildPhases = (
				ED9E70B71CA408AB003AC337 /* Sources */,
				ED9E70B81CA408AB003AC337 /* Frameworks */,
				ED9E70B91CA408AB003AC337 /* Resources */,
			);
			buildRules = (
			);
			dependencies = (
			);
			name = AVCaptureTest;
			productName = AVCaptureTest;
			productReference = ED9E70BB1CA408AB003AC337 /* AVCaptureTest.app */;
			productType = "com.apple.product-type.application";
		};
/* End PBXNativeTarget section */

/* Begin PBXProject section */
		ED9E70B31CA408AB003AC337 /* Project object */ = {
			isa = PBXProject;
			attributes = {
				LastSwiftUpdateCheck = 0730;
				LastUpgradeCheck = 0730;
				ORGANIZATIONNAME = "Koji Murata";
				TargetAttributes = {
					ED9E70BA1CA408AB003AC337 = {
						CreatedOnToolsVersion = 7.3;
						DevelopmentTeam = 8AKT7PFJ2M;
					};
				};
			};
			buildConfigurationList = ED9E70B61CA408AB003AC337 /* Build configuration list for PBXProject "AVCaptureTest" */;
			compatibilityVersion = "Xcode 3.2";
			developmentRegion = English;
			hasScannedForEncodings = 0;
			knownRegions = (
				en,
				Base,
			);
			mainGroup = ED9E70B21CA408AB003AC337;
			productRefGroup = ED9E70BC1CA408AB003AC337 /* Products */;
			projectDirPath = "";
			projectRoot = "";
			targets = (
				ED9E70BA1CA408AB003AC337 /* AVCaptureTest */,
			);
		};
/* End PBXProject section */

/* Begin PBXResourcesBuildPhase section */
		ED9E70B91CA408AB003AC337 /* Resources */ = {
			isa = PBXResourcesBuildPhase;
			buildActionMask = 2147483647;
			files = (
				ED9E70C91CA408AB003AC337 /* LaunchScreen.storyboard in Resources */,
				ED9E70C61CA408AB003AC337 /* Assets.xcassets in Resources */,
				ED9E70C41CA408AB003AC337 /* Main.storyboard in Resources */,
			);
			runOnlyForDeploymentPostprocessing = 0;
		};
/* End PBXResourcesBuildPhase section */

/* Begin PBXSourcesBuildPhase section */
		ED9E70B71CA408AB003AC337 /* Sources */ = {
			isa = PBXSourcesBuildPhase;
			buildActionMask = 2147483647;
			files = (
				ED9E70C11CA408AB003AC337 /* ViewController.swift in Sources */,
				ED9E70BF1CA408AB003AC337 /* AppDelegate.swift in Sources */,
			);
			runOnlyForDeploymentPostprocessing = 0;
		};
/* End PBXSourcesBuildPhase section */

/* Begin PBXVariantGroup section */
		ED9E70C21CA408AB003AC337 /* Main.storyboard */ = {
			isa = PBXVariantGroup;
			children = (
				ED9E70C31CA408AB003AC337 /* Base */,
			);
			name = Main.storyboard;
			sourceTree = "<group>";
		};
		ED9E70C71CA408AB003AC337 /* LaunchScreen.storyboard */ = {
			isa = PBXVariantGroup;
			children = (
				ED9E70C81CA408AB003AC337 /* Base */,
			);
			name = LaunchScreen.storyboard;
			sourceTree = "<group>";
		};
/* End PBXVariantGroup section */

/* Begin XCBuildConfiguration section */
		ED9E70CB1CA408AB003AC337 /* Debug */ = {
			isa = XCBuildConfiguration;
			buildSettings = {
				ALWAYS_SEARCH_USER_PATHS = NO;
				CLANG_ANALYZER_NONNULL = YES;
				CLANG_CXX_LANGUAGE_STANDARD = "gnu++0x";
				CLANG_CXX_LIBRARY = "libc++";
				CLANG_ENABLE_MODULES = YES;
				CLANG_ENABLE_OBJC_ARC = YES;
				CLANG_WARN_BOOL_CONVERSION = YES;
				CLANG_WARN_CONSTANT_CONVERSION = YES;
				CLANG_WARN_DIRECT_OBJC_ISA_USAGE = YES_ERROR;
				CLANG_WARN_EMPTY_BODY = YES;
				CLANG_WARN_ENUM_CONVERSION = YES;
				CLANG_WARN_INT_CONVERSION = YES;
				CLANG_WARN_OBJC_ROOT_CLASS = YES_ERROR;
				CLANG_WARN_UNREACHABLE_CODE = YES;
				CLANG_WARN__DUPLICATE_METHOD_MATCH = YES;
				"CODE_SIGN_IDENTITY[sdk=iphoneos*]" = "iPhone Developer";
				COPY_PHASE_STRIP = NO;
				DEBUG_INFORMATION_FORMAT = dwarf;
				ENABLE_STRICT_OBJC_MSGSEND = YES;
				ENABLE_TESTABILITY = YES;
				GCC_C_LANGUAGE_STANDARD = gnu99;
				GCC_DYNAMIC_NO_PIC = NO;
				GCC_NO_COMMON_BLOCKS = YES;
				GCC_OPTIMIZATION_LEVEL = 0;
				GCC_PREPROCESSOR_DEFINITIONS = (
					"DEBUG=1",
					"$(inherited)",
				);
				GCC_WARN_64_TO_32_BIT_CONVERSION = YES;
				GCC_WARN_ABOUT_RETURN_TYPE = YES_ERROR;
				GCC_WARN_UNDECLARED_SELECTOR = YES;
				GCC_WARN_UNINITIALIZED_AUTOS = YES_AGGRESSIVE;
				GCC_WARN_UNUSED_FUNCTION = YES;
				GCC_WARN_UNUSED_VARIABLE = YES;
				IPHONEOS_DEPLOYMENT_TARGET = 9.3;
				MTL_ENABLE_DEBUG_INFO = YES;
				ONLY_ACTIVE_ARCH = YES;
				SDKROOT = iphoneos;
				SWIFT_OPTIMIZATION_LEVEL = "-Onone";
				TARGETED_DEVICE_FAMILY = "1,2";
			};
			name = Debug;
		};
		ED9E70CC1CA408AB003AC337 /* Release */ = {
			isa = XCBuildConfiguration;
			buildSettings = {
				ALWAYS_SEARCH_USER_PATHS = NO;
				CLANG_ANALYZER_NONNULL = YES;
				CLANG_CXX_LANGUAGE_STANDARD = "gnu++0x";
				CLANG_CXX_LIBRARY = "libc++";
				CLANG_ENABLE_MODULES = YES;
				CLANG_ENABLE_OBJC_ARC = YES;
				CLANG_WARN_BOOL_CONVERSION = YES;
				CLANG_WARN_CONSTANT_CONVERSION = YES;
				CLANG_WARN_DIRECT_OBJC_ISA_USAGE = YES_ERROR;
				CLANG_WARN_EMPTY_BODY = YES;
				CLANG_WARN_ENUM_CONVERSION = YES;
				CLANG_WARN_INT_CONVERSION = YES;
				CLANG_WARN_OBJC_ROOT_CLASS = YES_ERROR;
				CLANG_WARN_UNREACHABLE_CODE = YES;
				CLANG_WARN__DUPLICATE_METHOD_MATCH = YES;
				"CODE_SIGN_IDENTITY[sdk=iphoneos*]" = "iPhone Developer";
				COPY_PHASE_STRIP = NO;
				DEBUG_INFORMATION_FORMAT = "dwarf-with-dsym";
				ENABLE_NS_ASSERTIONS = NO;
				ENABLE_STRICT_OBJC_MSGSEND = YES;
				GCC_C_LANGUAGE_STANDARD = gnu99;
				GCC_NO_COMMON_BLOCKS = YES;
				GCC_WARN_64_TO_32_BIT_CONVERSION = YES;
				GCC_WARN_ABOUT_RETURN_TYPE = YES_ERROR;
				GCC_WARN_UNDECLARED_SELECTOR = YES;
				GCC_WARN_UNINITIALIZED_AUTOS = YES_AGGRESSIVE;
				GCC_WARN_UNUSED_FUNCTION = YES;
				GCC_WARN_UNUSED_VARIABLE = YES;
				IPHONEOS_DEPLOYMENT_TARGET = 9.3;
				MTL_ENABLE_DEBUG_INFO = NO;
				SDKROOT = iphoneos;
				TARGETED_DEVICE_FAMILY = "1,2";
				VALIDATE_PRODUCT = YES;
			};
			name = Release;
		};
		ED9E70CE1CA408AB003AC337 /* Debug */ = {
			isa = XCBuildConfiguration;
			buildSettings = {
				ASSETCATALOG_COMPILER_APPICON_NAME = AppIcon;
				CODE_SIGN_IDENTITY = "iPhone Developer";
				INFOPLIST_FILE = AVCaptureTest/Info.plist;
				LD_RUNPATH_SEARCH_PATHS = "$(inherited) @executable_path/Frameworks";
				PRODUCT_BUNDLE_IDENTIFIER = com.dena.AVCaptureTest;
				PRODUCT_NAME = "$(TARGET_NAME)";
				PROVISIONING_PROFILE = "a1f96f66-28c6-47c7-819a-d18272735f8b";
			};
			name = Debug;
		};
		ED9E70CF1CA408AB003AC337 /* Release */ = {
			isa = XCBuildConfiguration;
			buildSettings = {
				ASSETCATALOG_COMPILER_APPICON_NAME = AppIcon;
				CODE_SIGN_IDENTITY = "iPhone Developer";
				INFOPLIST_FILE = AVCaptureTest/Info.plist;
				LD_RUNPATH_SEARCH_PATHS = "$(inherited) @executable_path/Frameworks";
				PRODUCT_BUNDLE_IDENTIFIER = com.dena.AVCaptureTest;
				PRODUCT_NAME = "$(TARGET_NAME)";
				PROVISIONING_PROFILE = "a1f96f66-28c6-47c7-819a-d18272735f8b";
			};
			name = Release;
		};
/* End XCBuildConfiguration section */

/* Begin XCConfigurationList section */
		ED9E70B61CA408AB003AC337 /* Build configuration list for PBXProject "AVCaptureTest" */ = {
			isa = XCConfigurationList;
			buildConfigurations = (
				ED9E70CB1CA408AB003AC337 /* Debug */,
				ED9E70CC1CA408AB003AC337 /* Release */,
			);
			defaultConfigurationIsVisible = 0;
			defaultConfigurationName = Release;
		};
		ED9E70CD1CA408AB003AC337 /* Build configuration list for PBXNativeTarget "AVCaptureTest" */ = {
			isa = XCConfigurationList;
			buildConfigurations = (
				ED9E70CE1CA408AB003AC337 /* Debug */,
				ED9E70CF1CA408AB003AC337 /* Release */,
			);
			defaultConfigurationIsVisible = 0;
		};
/* End XCConfigurationList section */
	};
	rootObject = ED9E70B31CA408AB003AC337 /* Project object */;
}
